
Microsoft Visual Studio Solution File, Format Version 12.00
#
Project("{FAE04EC0-301F-11D3-BF4B-00C04F79EFBC}") = "Blog.Core", "Blog.Core\Blog.Core.csproj", "{D9E0E4AE-7127-4628-B3A8-464B29CBD7C9}"
EndProject
Project("{FAE04EC0-301F-11D3-BF4B-00C04F79EFBC}") = "Blog.Entity", "Blog.Entity\Blog.Entity.csproj", "{C7A2BB26-9551-4F2B-AC08-34E18262DF68}"
EndProject
Project("{FAE04EC0-301F-11D3-BF4B-00C04F79EFBC}") = "Blog.DataAccess", "Blog.DataAccess\Blog.DataAccess.csproj", "{B8E7A0A7-2D80-4FC0-AF60-B5CBACC8BEAF}"
EndProject
Project("{FAE04EC0-301F-11D3-BF4B-00C04F79EFBC}") = "Blog.WebApi", "Blog.WebApi\Blog.WebApi.csproj", "{AD494447-96D6-40BF-97B8-702C62BA4008}"
EndProject
Project("{FAE04EC0-301F-11D3-BF4B-00C04F79EFBC}") = "Blog.Common", "Blog.Common\Blog.Common.csproj", "{02B7E39D-0D22-450F-96EF-13EB3258E211}"
EndProject
Project("{FAE04EC0-301F-11D3-BF4B-00C04F79EFBC}") = "Blog.Service", "Blog.Service\Blog.Service.csproj", "{49894B79-44EF-4487-9914-D97B539284CB}"
EndProject
Project("{FAE04EC0-301F-11D3-BF4B-00C04F79EFBC}") = "Blog.Test", "Blog.Test\Blog.Test.csproj", "{D1A1451C-93C0-4ADB-B8BA-A3D3549C51A8}"
EndProject
Global
	GlobalSection(SolutionConfigurationPlatforms) = preSolution
		Debug|Any CPU = Debug|Any CPU
		Release|Any CPU = Release|Any CPU
	EndGlobalSection
	GlobalSection(ProjectConfigurationPlatforms) = postSolution
		{D9E0E4AE-7127-4628-B3A8-464B29CBD7C9}.Debug|Any CPU.ActiveCfg = Debug|Any CPU
		{D9E0E4AE-7127-4628-B3A8-464B29CBD7C9}.Debug|Any CPU.Build.0 = Debug|Any CPU
		{D9E0E4AE-7127-4628-B3A8-464B29CBD7C9}.Release|Any CPU.ActiveCfg = Release|Any CPU
		{D9E0E4AE-7127-4628-B3A8-464B29CBD7C9}.Release|Any CPU.Build.0 = Release|Any CPU
		{C7A2BB26-9551-4F2B-AC08-34E18262DF68}.Debug|Any CPU.ActiveCfg = Debug|Any CPU
		{C7A2BB26-9551-4F2B-AC08-34E18262DF68}.Debug|Any CPU.Build.0 = Debug|Any CPU
		{C7A2BB26-9551-4F2B-AC08-34E18262DF68}.Release|Any CPU.ActiveCfg = Release|Any CPU
		{C7A2BB26-9551-4F2B-AC08-34E18262DF68}.Release|Any CPU.Build.0 = Release|Any CPU
		{B8E7A0A7-2D80-4FC0-AF60-B5CBACC8BEAF}.Debug|Any CPU.ActiveCfg = Debug|Any CPU
		{B8E7A0A7-2D80-4FC0-AF60-B5CBACC8BEAF}.Debug|Any CPU.Build.0 = Debug|Any CPU
		{B8E7A0A7-2D80-4FC0-AF60-B5CBACC8BEAF}.Release|Any CPU.ActiveCfg = Release|Any CPU
		{B8E7A0A7-2D80-4FC0-AF60-B5CBACC8BEAF}.Release|Any CPU.Build.0 = Release|Any CPU
		{AD494447-96D6-40BF-97B8-702C62BA4008}.Debug|Any CPU.ActiveCfg = Debug|Any CPU
		{AD494447-96D6-40BF-97B8-702C62BA4008}.Debug|Any CPU.Build.0 = Debug|Any CPU
		{AD494447-96D6-40BF-97B8-702C62BA4008}.Release|Any CPU.ActiveCfg = Release|Any CPU
		{AD494447-96D6-40BF-97B8-702C62BA4008}.Release|Any CPU.Build.0 = Release|Any CPU
		{02B7E39D-0D22-450F-96EF-13EB3258E211}.Debug|Any CPU.ActiveCfg = Debug|Any CPU
		{02B7E39D-0D22-450F-96EF-13EB3258E211}.Debug|Any CPU.Build.0 = Debug|Any CPU
		{02B7E39D-0D22-450F-96EF-13EB3258E211}.Release|Any CPU.ActiveCfg = Release|Any CPU
		{02B7E39D-0D22-450F-96EF-13EB3258E211}.Release|Any CPU.Build.0 = Release|Any CPU
		{49894B79-44EF-4487-9914-D97B539284CB}.Debug|Any CPU.ActiveCfg = Debug|Any CPU
		{49894B79-44EF-4487-9914-D97B539284CB}.Debug|Any CPU.Build.0 = Debug|Any CPU
		{49894B79-44EF-4487-9914-D97B539284CB}.Release|Any CPU.ActiveCfg = Release|Any CPU
		{49894B79-44EF-4487-9914-D97B539284CB}.Release|Any CPU.Build.0 = Release|Any CPU
		{D1A1451C-93C0-4ADB-B8BA-A3D3549C51A8}.Debug|Any CPU.ActiveCfg = Debug|Any CPU
		{D1A1451C-93C0-4ADB-B8BA-A3D3549C51A8}.Debug|Any CPU.Build.0 = Debug|Any CPU
		{D1A1451C-93C0-4ADB-B8BA-A3D3549C51A8}.Release|Any CPU.ActiveCfg = Release|Any CPU
		{D1A1451C-93C0-4ADB-B8BA-A3D3549C51A8}.Release|Any CPU.Build.0 = Release|Any CPU
	EndGlobalSection
EndGlobal
